PODS:
  - android_adb_tool (0.0.1):
    - FlutterMacOS
  - FlutterMacOS (1.0.0)

DEPENDENCIES:
  - android_adb_tool (from `Flutter/ephemeral/.symlinks/plugins/android_adb_tool/macos`)
  - FlutterMacOS (from `Flutter/ephemeral`)

EXTERNAL SOURCES:
  android_adb_tool:
    :path: Flutter/ephemeral/.symlinks/plugins/android_adb_tool/macos
  FlutterMacOS:
    :path: Flutter/ephemeral

SPEC CHECKSUMS:
  android_adb_tool: a5602bd9d1848c549108bfdfe7a2be8102952185
  FlutterMacOS: 8f6f14fa908a6fb3fba0cd85dbd81ec4b251fb24

PODFILE CHECKSUM: 236401fc2c932af29a9fcf0e97baeeb2d750d367

COCOAPODS: 1.15.2
